// !$*UTF8*$!
{
	archiveVersion = 1;
	classes = {
	};
	objectVersion = 48;
	objects = {

/* Begin PBXBuildFile section */
		542F3E063F381F66D454FEC4 /* Pods_Mini_Project.framework in Frameworks */ = {isa = PBXBuildFile; fileRef = 96971B3AC892E1ADAA5F620F /* Pods_Mini_Project.framework */; };
		D6F44D42205F206100F62BD2 /* AppDelegate.swift in Sources */ = {isa = PBXBuildFile; fileRef = D6F44D41205F206100F62BD2 /* AppDelegate.swift */; };
		D6F44D44205F206100F62BD2 /* Main.swift in Sources */ = {isa = PBXBuildFile; fileRef = D6F44D43205F206100F62BD2 /* Main.swift */; };
		D6F44D47205F206100F62BD2 /* Main.storyboard in Resources */ = {isa = PBXBuildFile; fileRef = D6F44D45205F206100F62BD2 /* Main.storyboard */; };
		D6F44D49205F206100F62BD2 /* Assets.xcassets in Resources */ = {isa = PBXBuildFile; fileRef = D6F44D48205F206100F62BD2 /* Assets.xcassets */; };
		D6F44D4C205F206100F62BD2 /* LaunchScreen.storyboard in Resources */ = {isa = PBXBuildFile; fileRef = D6F44D4A205F206100F62BD2 /* LaunchScreen.storyboard */; };
		D6F44D55205F2DE200F62BD2 /* SearchList.swift in Sources */ = {isa = PBXBuildFile; fileRef = D6F44D54205F2DE200F62BD2 /* SearchList.swift */; };
		D6F44D58205F2E9200F62BD2 /* CustomCollectionFlowLayout.swift in Sources */ = {isa = PBXBuildFile; fileRef = D6F44D57205F2E9200F62BD2 /* CustomCollectionFlowLayout.swift */; };
		D6F44D5B205F2F5C00F62BD2 /* ProductCollectionViewCell.swift in Sources */ = {isa = PBXBuildFile; fileRef = D6F44D5A205F2F5C00F62BD2 /* ProductCollectionViewCell.swift */; };
		D6F44D5E205F30F600F62BD2 /* ApiService.swift in Sources */ = {isa = PBXBuildFile; fileRef = D6F44D5D205F30F600F62BD2 /* ApiService.swift */; };
		D6F44D60205F321500F62BD2 /* AppDefines.swift in Sources */ = {isa = PBXBuildFile; fileRef = D6F44D5F205F321500F62BD2 /* AppDefines.swift */; };
		D6F44D62205F326A00F62BD2 /* FilterParameter.swift in Sources */ = {isa = PBXBuildFile; fileRef = D6F44D61205F326A00F62BD2 /* FilterParameter.swift */; };
		D6F44D64205F371C00F62BD2 /* BaseViewController.swift in Sources */ = {isa = PBXBuildFile; fileRef = D6F44D63205F371C00F62BD2 /* BaseViewController.swift */; };
		D6F44D66205F3C3600F62BD2 /* LoaderView.swift in Sources */ = {isa = PBXBuildFile; fileRef = D6F44D65205F3C3600F62BD2 /* LoaderView.swift */; };
		D6F44D68205F515F00F62BD2 /* SearchFilter.swift in Sources */ = {isa = PBXBuildFile; fileRef = D6F44D67205F515F00F62BD2 /* SearchFilter.swift */; };
		D6F44D6A205F64E600F62BD2 /* ShopTypeFilter.swift in Sources */ = {isa = PBXBuildFile; fileRef = D6F44D69205F64E600F62BD2 /* ShopTypeFilter.swift */; };
/* End PBXBuildFile section */

/* Begin PBXFileReference section */
		96971B3AC892E1ADAA5F620F /* Pods_Mini_Project.framework */ = {isa = PBXFileReference; explicitFileType = wrapper.framework; includeInIndex = 0; path = Pods_Mini_Project.framework; sourceTree = BUILT_PRODUCTS_DIR; };
		A42B93209900F06FFF5DB44C /* Pods-Mini Project.debug.xcconfig */ = {isa = PBXFileReference; includeInIndex = 1; lastKnownFileType = text.xcconfig; name = "Pods-Mini Project.debug.xcconfig"; path = "Pods/Target Support Files/Pods-Mini Project/Pods-Mini Project.debug.xcconfig"; sourceTree = "<group>"; };
		D6F44D3E205F206100F62BD2 /* Mini Project.app */ = {isa = PBXFileReference; explicitFileType = wrapper.application; includeInIndex = 0; path = "Mini Project.app"; sourceTree = BUILT_PRODUCTS_DIR; };
		D6F44D41205F206100F62BD2 /* AppDelegate.swift */ = {isa = PBXFileReference; lastKnownFileType = sourcecode.swift; path = AppDelegate.swift; sourceTree = "<group>"; };
		D6F44D43205F206100F62BD2 /* Main.swift */ = {isa = PBXFileReference; lastKnownFileType = sourcecode.swift; path = Main.swift; sourceTree = "<group>"; };
		D6F44D46205F206100F62BD2 /* Base */ = {isa = PBXFileReference; lastKnownFileType = file.storyboard; name = Base; path = Base.lproj/Main.storyboard; sourceTree = "<group>"; };
		D6F44D48205F206100F62BD2 /* Assets.xcassets */ = {isa = PBXFileReference; lastKnownFileType = folder.assetcatalog; path = Assets.xcassets; sourceTree = "<group>"; };
		D6F44D4B205F206100F62BD2 /* Base */ = {isa = PBXFileReference; lastKnownFileType = file.storyboard; name = Base; path = Base.lproj/LaunchScreen.storyboard; sourceTree = "<group>"; };
		D6F44D4D205F206100F62BD2 /* Info.plist */ = {isa = PBXFileReference; lastKnownFileType = text.plist.xml; path = Info.plist; sourceTree = "<group>"; };
		D6F44D54205F2DE200F62BD2 /* SearchList.swift */ = {isa = PBXFileReference; lastKnownFileType = sourcecode.swift; path = SearchList.swift; sourceTree = "<group>"; };
		D6F44D57205F2E9200F62BD2 /* CustomCollectionFlowLayout.swift */ = {isa = PBXFileReference; lastKnownFileType = sourcecode.swift; path = CustomCollectionFlowLayout.swift; sourceTree = "<group>"; };
		D6F44D5A205F2F5C00F62BD2 /* ProductCollectionViewCell.swift */ = {isa = PBXFileReference; lastKnownFileType = sourcecode.swift; path = ProductCollectionViewCell.swift; sourceTree = "<group>"; };
		D6F44D5D205F30F600F62BD2 /* ApiService.swift */ = {isa = PBXFileReference; lastKnownFileType = sourcecode.swift; path = ApiService.swift; sourceTree = "<group>"; };
		D6F44D5F205F321500F62BD2 /* AppDefines.swift */ = {isa = PBXFileReference; lastKnownFileType = sourcecode.swift; path = AppDefines.swift; sourceTree = "<group>"; };
		D6F44D61205F326A00F62BD2 /* FilterParameter.swift */ = {isa = PBXFileReference; lastKnownFileType = sourcecode.swift; path = FilterParameter.swift; sourceTree = "<group>"; };
		D6F44D63205F371C00F62BD2 /* BaseViewController.swift */ = {isa = PBXFileReference; lastKnownFileType = sourcecode.swift; path = BaseViewController.swift; sourceTree = "<group>"; };
		D6F44D65205F3C3600F62BD2 /* LoaderView.swift */ = {isa = PBXFileReference; lastKnownFileType = sourcecode.swift; path = LoaderView.swift; sourceTree = "<group>"; };
		D6F44D67205F515F00F62BD2 /* SearchFilter.swift */ = {isa = PBXFileReference; lastKnownFileType = sourcecode.swift; path = SearchFilter.swift; sourceTree = "<group>"; };
		D6F44D69205F64E600F62BD2 /* ShopTypeFilter.swift */ = {isa = PBXFileReference; lastKnownFileType = sourcecode.swift; path = ShopTypeFilter.swift; sourceTree = "<group>"; };
		EE8541CC9FB326C4FFEFB8F8 /* Pods-Mini Project.release.xcconfig */ = {isa = PBXFileReference; includeInIndex = 1; lastKnownFileType = text.xcconfig; name = "Pods-Mini Project.release.xcconfig"; path = "Pods/Target Support Files/Pods-Mini Project/Pods-Mini Project.release.xcconfig"; sourceTree = "<group>"; };
/* End PBXFileReference section */

/* Begin PBXFrameworksBuildPhase section */
		D6F44D3B205F206100F62BD2 /* Frameworks */ = {
			isa = PBXFrameworksBuildPhase;
			buildActionMask = 2147483647;
			files = (
				542F3E063F381F66D454FEC4 /* Pods_Mini_Project.framework in Frameworks */,
			);
			runOnlyForDeploymentPostprocessing = 0;
		};
/* End PBXFrameworksBuildPhase section */

/* Begin PBXGroup section */
		1C5EDBC5DA42C98FF666FBFA /* Pods */ = {
			isa = PBXGroup;
			children = (
				A42B93209900F06FFF5DB44C /* Pods-Mini Project.debug.xcconfig */,
				EE8541CC9FB326C4FFEFB8F8 /* Pods-Mini Project.release.xcconfig */,
			);
			name = Pods;
			sourceTree = "<group>";
		};
		D6F44D35205F206100F62BD2 = {
			isa = PBXGroup;
			children = (
				D6F44D40205F206100F62BD2 /* Mini Project */,
				D6F44D3F205F206100F62BD2 /* Products */,
				1C5EDBC5DA42C98FF666FBFA /* Pods */,
				E6DBCB57D1C101F0C1154BC0 /* Frameworks */,
			);
			sourceTree = "<group>";
		};
		D6F44D3F205F206100F62BD2 /* Products */ = {
			isa = PBXGroup;
			children = (
				D6F44D3E205F206100F62BD2 /* Mini Project.app */,
			);
			name = Products;
			sourceTree = "<group>";
		};
		D6F44D40205F206100F62BD2 /* Mini Project */ = {
			isa = PBXGroup;
			children = (
				D6F44D41205F206100F62BD2 /* AppDelegate.swift */,
				D6F44D5F205F321500F62BD2 /* AppDefines.swift */,
				D6F44D43205F206100F62BD2 /* Main.swift */,
				D6F44D54205F2DE200F62BD2 /* SearchList.swift */,
				D6F44D67205F515F00F62BD2 /* SearchFilter.swift */,
				D6F44D69205F64E600F62BD2 /* ShopTypeFilter.swift */,
				D6F44D5C205F308700F62BD2 /* Services */,
				D6F44D56205F2E5A00F62BD2 /* Module */,
				D6F44D45205F206100F62BD2 /* Main.storyboard */,
				D6F44D48205F206100F62BD2 /* Assets.xcassets */,
				D6F44D4A205F206100F62BD2 /* LaunchScreen.storyboard */,
				D6F44D4D205F206100F62BD2 /* Info.plist */,
			);
			path = "Mini Project";
			sourceTree = "<group>";
		};
		D6F44D56205F2E5A00F62BD2 /* Module */ = {
			isa = PBXGroup;
			children = (
				D6F44D57205F2E9200F62BD2 /* CustomCollectionFlowLayout.swift */,
				D6F44D5A205F2F5C00F62BD2 /* ProductCollectionViewCell.swift */,
				D6F44D63205F371C00F62BD2 /* BaseViewController.swift */,
				D6F44D65205F3C3600F62BD2 /* LoaderView.swift */,
			);
			path = Module;
			sourceTree = "<group>";
		};
		D6F44D5C205F308700F62BD2 /* Services */ = {
			isa = PBXGroup;
			children = (
				D6F44D5D205F30F600F62BD2 /* ApiService.swift */,
				D6F44D61205F326A00F62BD2 /* FilterParameter.swift */,
			);
			path = Services;
			sourceTree = "<group>";
		};
		E6DBCB57D1C101F0C1154BC0 /* Frameworks */ = {
			isa = PBXGroup;
			children = (
				96971B3AC892E1ADAA5F620F /* Pods_Mini_Project.framework */,
			);
			name = Frameworks;
			sourceTree = "<group>";
		};
/* End PBXGroup section */

/* Begin PBXNativeTarget section */
		D6F44D3D205F206100F62BD2 /* Mini Project */ = {
			isa = PBXNativeTarget;
			buildConfigurationList = D6F44D50205F206100F62BD2 /* Build configuration list for PBXNativeTarget "Mini Project" */;
			buildPhases = (
				BD4521415E18CE3E33F806F8 /* [CP] Check Pods Manifest.lock */,
				D6F44D3A205F206100F62BD2 /* Sources */,
				D6F44D3B205F206100F62BD2 /* Frameworks */,
				D6F44D3C205F206100F62BD2 /* Resources */,
				A2E5C01DAF2AD715DA5D81A9 /* [CP] Embed Pods Frameworks */,
				B5E1750B4F61BD9270F0ACB7 /* [CP] Copy Pods Resources */,
			);
			buildRules = (
			);
			dependencies = (
			);
			name = "Mini Project";
			productName = "Mini Project";
			productReference = D6F44D3E205F206100F62BD2 /* Mini Project.app */;
			productType = "com.apple.product-type.application";
		};
/* End PBXNativeTarget section */

/* Begin PBXProject section */
		D6F44D36205F206100F62BD2 /* Project object */ = {
			isa = PBXProject;
			attributes = {
				LastSwiftUpdateCheck = 0920;
				LastUpgradeCheck = 0920;
				ORGANIZATIONNAME = "ahmad ilyas";
				TargetAttributes = {
					D6F44D3D205F206100F62BD2 = {
						CreatedOnToolsVersion = 9.2;
						ProvisioningStyle = Manual;
					};
				};
			};
			buildConfigurationList = D6F44D39205F206100F62BD2 /* Build configuration list for PBXProject "Mini Project" */;
			compatibilityVersion = "Xcode 8.0";
			developmentRegion = en;
			hasScannedForEncodings = 0;
			knownRegions = (
				en,
				Base,
			);
			mainGroup = D6F44D35205F206100F62BD2;
			productRefGroup = D6F44D3F205F206100F62BD2 /* Products */;
			projectDirPath = "";
			projectRoot = "";
			targets = (
				D6F44D3D205F206100F62BD2 /* Mini Project */,
			);
		};
/* End PBXProject section */

/* Begin PBXResourcesBuildPhase section */
		D6F44D3C205F206100F62BD2 /* Resources */ = {
			isa = PBXResourcesBuildPhase;
			buildActionMask = 2147483647;
			files = (
				D6F44D4C205F206100F62BD2 /* LaunchScreen.storyboard in Resources */,
				D6F44D49205F206100F62BD2 /* Assets.xcassets in Resources */,
				D6F44D47205F206100F62BD2 /* Main.storyboard in Resources */,
			);
			runOnlyForDeploymentPostprocessing = 0;
		};
/* End PBXResourcesBuildPhase section */

/* Begin PBXShellScriptBuildPhase section */
		A2E5C01DAF2AD715DA5D81A9 /* [CP] Embed Pods Frameworks */ = {
			isa = PBXShellScriptBuildPhase;
			buildActionMask = 2147483647;
			files = (
			);
			inputPaths = (
				"${SRCROOT}/Pods/Target Support Files/Pods-Mini Project/Pods-Mini Project-frameworks.sh",
				"${BUILT_PRODUCTS_DIR}/Alamofire/Alamofire.framework",
				"${BUILT_PRODUCTS_DIR}/AlamofireImage/AlamofireImage.framework",
				"${BUILT_PRODUCTS_DIR}/AlamofireObjectMapper/AlamofireObjectMapper.framework",
				"${BUILT_PRODUCTS_DIR}/FontAwesome.swift/FontAwesome_swift.framework",
				"${BUILT_PRODUCTS_DIR}/IQKeyboardManagerSwift/IQKeyboardManagerSwift.framework",
				"${BUILT_PRODUCTS_DIR}/LGButton/LGButton.framework",
				"${BUILT_PRODUCTS_DIR}/ObjectMapper/ObjectMapper.framework",
				"${BUILT_PRODUCTS_DIR}/RangeSeekSlider/RangeSeekSlider.framework",
				"${BUILT_PRODUCTS_DIR}/ReachabilitySwift/Reachability.framework",
				"${BUILT_PRODUCTS_DIR}/RxSwift/RxSwift.framework",
				"${BUILT_PRODUCTS_DIR}/SkyFloatingLabelTextField/SkyFloatingLabelTextField.framework",
				"${BUILT_PRODUCTS_DIR}/SnapKit/SnapKit.framework",
				"${BUILT_PRODUCTS_DIR}/SwiftyJSON/SwiftyJSON.framework",
			);
			name = "[CP] Embed Pods Frameworks";
			outputPaths = (
				"${TARGET_BUILD_DIR}/${FRAMEWORKS_FOLDER_PATH}/Alamofire.framework",
				"${TARGET_BUILD_DIR}/${FRAMEWORKS_FOLDER_PATH}/AlamofireImage.framework",
				"${TARGET_BUILD_DIR}/${FRAMEWORKS_FOLDER_PATH}/AlamofireObjectMapper.framework",
				"${TARGET_BUILD_DIR}/${FRAMEWORKS_FOLDER_PATH}/FontAwesome_swift.framework",
				"${TARGET_BUILD_DIR}/${FRAMEWORKS_FOLDER_PATH}/IQKeyboardManagerSwift.framework",
				"${TARGET_BUILD_DIR}/${FRAMEWORKS_FOLDER_PATH}/LGButton.framework",
				"${TARGET_BUILD_DIR}/${FRAMEWORKS_FOLDER_PATH}/ObjectMapper.framework",
				"${TARGET_BUILD_DIR}/${FRAMEWORKS_FOLDER_PATH}/RangeSeekSlider.framework",
				"${TARGET_BUILD_DIR}/${FRAMEWORKS_FOLDER_PATH}/Reachability.framework",
				"${TARGET_BUILD_DIR}/${FRAMEWORKS_FOLDER_PATH}/RxSwift.framework",
				"${TARGET_BUILD_DIR}/${FRAMEWORKS_FOLDER_PATH}/SkyFloatingLabelTextField.framework",
				"${TARGET_BUILD_DIR}/${FRAMEWORKS_FOLDER_PATH}/SnapKit.framework",
				"${TARGET_BUILD_DIR}/${FRAMEWORKS_FOLDER_PATH}/SwiftyJSON.framework",
			);
			runOnlyForDeploymentPostprocessing = 0;
			shellPath = /bin/sh;
			shellScript = "\"${SRCROOT}/Pods/Target Support Files/Pods-Mini Project/Pods-Mini Project-frameworks.sh\"\n";
			showEnvVarsInLog = 0;
		};
		B5E1750B4F61BD9270F0ACB7 /* [CP] Copy Pods Resources */ = {
			isa = PBXShellScriptBuildPhase;
			buildActionMask = 2147483647;
			files = (
			);
			inputPaths = (
			);
			name = "[CP] Copy Pods Resources";
			outputPaths = (
			);
			runOnlyForDeploymentPostprocessing = 0;
			shellPath = /bin/sh;
			shellScript = "\"${SRCROOT}/Pods/Target Support Files/Pods-Mini Project/Pods-Mini Project-resources.sh\"\n";
			showEnvVarsInLog = 0;
		};
		BD4521415E18CE3E33F806F8 /* [CP] Check Pods Manifest.lock */ = {
			isa = PBXShellScriptBuildPhase;
			buildActionMask = 2147483647;
			files = (
			);
			inputPaths = (
				"${PODS_PODFILE_DIR_PATH}/Podfile.lock",
				"${PODS_ROOT}/Manifest.lock",
			);
			name = "[CP] Check Pods Manifest.lock";
			outputPaths = (
				"$(DERIVED_FILE_DIR)/Pods-Mini Project-checkManifestLockResult.txt",
			);
			runOnlyForDeploymentPostprocessing = 0;
			shellPath = /bin/sh;
			shellScript = "diff \"${PODS_PODFILE_DIR_PATH}/Podfile.lock\" \"${PODS_ROOT}/Manifest.lock\" > /dev/null\nif [ $? != 0 ] ; then\n    # print error to STDERR\n    echo \"error: The sandbox is not in sync with the Podfile.lock. Run 'pod install' or update your CocoaPods installation.\" >&2\n    exit 1\nfi\n# This output is used by Xcode 'outputs' to avoid re-running this script phase.\necho \"SUCCESS\" > \"${SCRIPT_OUTPUT_FILE_0}\"\n";
			showEnvVarsInLog = 0;
		};
/* End PBXShellScriptBuildPhase section */

/* Begin PBXSourcesBuildPhase section */
		D6F44D3A205F206100F62BD2 /* Sources */ = {
			isa = PBXSourcesBuildPhase;
			buildActionMask = 2147483647;
			files = (
				D6F44D58205F2E9200F62BD2 /* CustomCollectionFlowLayout.swift in Sources */,
				D6F44D6A205F64E600F62BD2 /* ShopTypeFilter.swift in Sources */,
				D6F44D44205F206100F62BD2 /* Main.swift in Sources */,
				D6F44D68205F515F00F62BD2 /* SearchFilter.swift in Sources */,
				D6F44D60205F321500F62BD2 /* AppDefines.swift in Sources */,
				D6F44D5E205F30F600F62BD2 /* ApiService.swift in Sources */,
				D6F44D5B205F2F5C00F62BD2 /* ProductCollectionViewCell.swift in Sources */,
				D6F44D64205F371C00F62BD2 /* BaseViewController.swift in Sources */,
				D6F44D42205F206100F62BD2 /* AppDelegate.swift in Sources */,
				D6F44D66205F3C3600F62BD2 /* LoaderView.swift in Sources */,
				D6F44D55205F2DE200F62BD2 /* SearchList.swift in Sources */,
				D6F44D62205F326A00F62BD2 /* FilterParameter.swift in Sources */,
			);
			runOnlyForDeploymentPostprocessing = 0;
		};
/* End PBXSourcesBuildPhase section */

/* Begin PBXVariantGroup section */
		D6F44D45205F206100F62BD2 /* Main.storyboard */ = {
			isa = PBXVariantGroup;
			children = (
				D6F44D46205F206100F62BD2 /* Base */,
			);
			name = Main.storyboard;
			sourceTree = "<group>";
		};
		D6F44D4A205F206100F62BD2 /* LaunchScreen.storyboard */ = {
			isa = PBXVariantGroup;
			children = (
				D6F44D4B205F206100F62BD2 /* Base */,
			);
			name = LaunchScreen.storyboard;
			sourceTree = "<group>";
		};
/* End PBXVariantGroup section */

/* Begin XCBuildConfiguration section */
		D6F44D4E205F206100F62BD2 /* Debug */ = {
			isa = XCBuildConfiguration;
			buildSettings = {
				ALWAYS_SEARCH_USER_PATHS = NO;
				CLANG_ANALYZER_NONNULL = YES;
				CLANG_ANALYZER_NUMBER_OBJECT_CONVERSION = YES_AGGRESSIVE;
				CLANG_CXX_LANGUAGE_STANDARD = "gnu++14";
				CLANG_CXX_LIBRARY = "libc++";
				CLANG_ENABLE_MODULES = YES;
				CLANG_ENABLE_OBJC_ARC = YES;
				CLANG_WARN_BLOCK_CAPTURE_AUTORELEASING = YES;
				CLANG_WARN_BOOL_CONVERSION = YES;
				CLANG_WARN_COMMA = YES;
				CLANG_WARN_CONSTANT_CONVERSION = YES;
				CLANG_WARN_DIRECT_OBJC_ISA_USAGE = YES_ERROR;
				CLANG_WARN_DOCUMENTATION_COMMENTS = YES;
				CLANG_WARN_EMPTY_BODY = YES;
				CLANG_WARN_ENUM_CONVERSION = YES;
				CLANG_WARN_INFINITE_RECURSION = YES;
				CLANG_WARN_INT_CONVERSION = YES;
				CLANG_WARN_NON_LITERAL_NULL_CONVERSION = YES;
				CLANG_WARN_OBJC_LITERAL_CONVERSION = YES;
				CLANG_WARN_OBJC_ROOT_CLASS = YES_ERROR;
				CLANG_WARN_RANGE_LOOP_ANALYSIS = YES;
				CLANG_WARN_STRICT_PROTOTYPES = YES;
				CLANG_WARN_SUSPICIOUS_MOVE = YES;
				CLANG_WARN_UNGUARDED_AVAILABILITY = YES_AGGRESSIVE;
				CLANG_WARN_UNREACHABLE_CODE = YES;
				CLANG_WARN__DUPLICATE_METHOD_MATCH = YES;
				CODE_SIGN_IDENTITY = "iPhone Developer";
				COPY_PHASE_STRIP = NO;
				DEBUG_INFORMATION_FORMAT = dwarf;
				ENABLE_STRICT_OBJC_MSGSEND = YES;
				ENABLE_TESTABILITY = YES;
				GCC_C_LANGUAGE_STANDARD = gnu11;
				GCC_DYNAMIC_NO_PIC = NO;
				GCC_NO_COMMON_BLOCKS = YES;
				GCC_OPTIMIZATION_LEVEL = 0;
				GCC_PREPROCESSOR_DEFINITIONS = (
					"DEBUG=1",
					"$(inherited)",
				);
				GCC_WARN_64_TO_32_BIT_CONVERSION = YES;
				GCC_WARN_ABOUT_RETURN_TYPE = YES_ERROR;
				GCC_WARN_UNDECLARED_SELECTOR = YES;
				GCC_WARN_UNINITIALIZED_AUTOS = YES_AGGRESSIVE;
				GCC_WARN_UNUSED_FUNCTION = YES;
				GCC_WARN_UNUSED_VARIABLE = YES;
				IPHONEOS_DEPLOYMENT_TARGET = 11.2;
				MTL_ENABLE_DEBUG_INFO = YES;
				ONLY_ACTIVE_ARCH = YES;
				SDKROOT = iphoneos;
				SWIFT_ACTIVE_COMPILATION_CONDITIONS = DEBUG;
				SWIFT_OPTIMIZATION_LEVEL = "-Onone";
			};
			name = Debug;
		};
		D6F44D4F205F206100F62BD2 /* Release */ = {
			isa = XCBuildConfiguration;
			buildSettings = {
				ALWAYS_SEARCH_USER_PATHS = NO;
				CLANG_ANALYZER_NONNULL = YES;
				CLANG_ANALYZER_NUMBER_OBJECT_CONVERSION = YES_AGGRESSIVE;
				CLANG_CXX_LANGUAGE_STANDARD = "gnu++14";
				CLANG_CXX_LIBRARY = "libc++";
				CLANG_ENABLE_MODULES = YES;
				CLANG_ENABLE_OBJC_ARC = YES;
				CLANG_WARN_BLOCK_CAPTURE_AUTORELEASING = YES;
				CLANG_WARN_BOOL_CONVERSION = YES;
				CLANG_WARN_COMMA = YES;
				CLANG_WARN_CONSTANT_CONVERSION = YES;
				CLANG_WARN_DIRECT_OBJC_ISA_USAGE = YES_ERROR;
				CLANG_WARN_DOCUMENTATION_COMMENTS = YES;
				CLANG_WARN_EMPTY_BODY = YES;
				CLANG_WARN_ENUM_CONVERSION = YES;
				CLANG_WARN_INFINITE_RECURSION = YES;
				CLANG_WARN_INT_CONVERSION = YES;
				CLANG_WARN_NON_LITERAL_NULL_CONVERSION = YES;
				CLANG_WARN_OBJC_LITERAL_CONVERSION = YES;
				CLANG_WARN_OBJC_ROOT_CLASS = YES_ERROR;
				CLANG_WARN_RANGE_LOOP_ANALYSIS = YES;
				CLANG_WARN_STRICT_PROTOTYPES = YES;
				CLANG_WARN_SUSPICIOUS_MOVE = YES;
				CLANG_WARN_UNGUARDED_AVAILABILITY = YES_AGGRESSIVE;
				CLANG_WARN_UNREACHABLE_CODE = YES;
				CLANG_WARN__DUPLICATE_METHOD_MATCH = YES;
				CODE_SIGN_IDENTITY = "iPhone Developer";
				COPY_PHASE_STRIP = NO;
				DEBUG_INFORMATION_FORMAT = "dwarf-with-dsym";
				ENABLE_NS_ASSERTIONS = NO;
				ENABLE_STRICT_OBJC_MSGSEND = YES;
				GCC_C_LANGUAGE_STANDARD = gnu11;
				GCC_NO_COMMON_BLOCKS = YES;
				GCC_WARN_64_TO_32_BIT_CONVERSION = YES;
				GCC_WARN_ABOUT_RETURN_TYPE = YES_ERROR;
				GCC_WARN_UNDECLARED_SELECTOR = YES;
				GCC_WARN_UNINITIALIZED_AUTOS = YES_AGGRESSIVE;
				GCC_WARN_UNUSED_FUNCTION = YES;
				GCC_WARN_UNUSED_VARIABLE = YES;
				IPHONEOS_DEPLOYMENT_TARGET = 11.2;
				MTL_ENABLE_DEBUG_INFO = NO;
				SDKROOT = iphoneos;
				SWIFT_OPTIMIZATION_LEVEL = "-Owholemodule";
				VALIDATE_PRODUCT = YES;
			};
			name = Release;
		};
		D6F44D51205F206100F62BD2 /* Debug */ = {
			isa = XCBuildConfiguration;
			baseConfigurationReference = A42B93209900F06FFF5DB44C /* Pods-Mini Project.debug.xcconfig */;
			buildSettings = {
				ASSETCATALOG_COMPILER_APPICON_NAME = AppIcon;
				CODE_SIGN_STYLE = Manual;
				DEVELOPMENT_TEAM = "";
				INFOPLIST_FILE = "Mini Project/Info.plist";
				LD_RUNPATH_SEARCH_PATHS = "$(inherited) @executable_path/Frameworks";
				PRODUCT_BUNDLE_IDENTIFIER = "com.ios.search.Mini-Project";
				PRODUCT_NAME = "$(TARGET_NAME)";
				PROVISIONING_PROFILE_SPECIFIER = "";
				SWIFT_VERSION = 4.0;
				TARGETED_DEVICE_FAMILY = "1,2";
			};
			name = Debug;
		};
		D6F44D52205F206100F62BD2 /* Release */ = {
			isa = XCBuildConfiguration;
			baseConfigurationReference = EE8541CC9FB326C4FFEFB8F8 /* Pods-Mini Project.release.xcconfig */;
			buildSettings = {
				ASSETCATALOG_COMPILER_APPICON_NAME = AppIcon;
				CODE_SIGN_STYLE = Manual;
				DEVELOPMENT_TEAM = "";
				INFOPLIST_FILE = "Mini Project/Info.plist";
				LD_RUNPATH_SEARCH_PATHS = "$(inherited) @executable_path/Frameworks";
				PRODUCT_BUNDLE_IDENTIFIER = "com.ios.search.Mini-Project";
				PRODUCT_NAME = "$(TARGET_NAME)";
				PROVISIONING_PROFILE_SPECIFIER = "";
				SWIFT_VERSION = 4.0;
				TARGETED_DEVICE_FAMILY = "1,2";
			};
			name = Release;
		};
/* End XCBuildConfiguration section */

/* Begin XCConfigurationList section */
		D6F44D39205F206100F62BD2 /* Build configuration list for PBXProject "Mini Project" */ = {
			isa = XCConfigurationList;
			buildConfigurations = (
				D6F44D4E205F206100F62BD2 /* Debug */,
				D6F44D4F205F206100F62BD2 /* Release */,
			);
			defaultConfigurationIsVisible = 0;
			defaultConfigurationName = Release;
		};
		D6F44D50205F206100F62BD2 /* Build configuration list for PBXNativeTarget "Mini Project" */ = {
			isa = XCConfigurationList;
			buildConfigurations = (
				D6F44D51205F206100F62BD2 /* Debug */,
				D6F44D52205F206100F62BD2 /* Release */,
			);
			defaultConfigurationIsVisible = 0;
			defaultConfigurationName = Release;
		};
/* End XCConfigurationList section */
	};
	rootObject = D6F44D36205F206100F62BD2 /* Project object */;
}
